<?xml version="1.0" encoding="utf-8"?>
<Project ToolsVersion="4.0" xmlns="http://schemas.microsoft.com/developer/msbuild/2003">
  <ItemGroup>
    <ClCompile Include="Source.cpp">
      <Filter>sources</Filter>
    </ClCompile>
    <ClCompile Include="BinaryVector.cpp">
      <Filter>chromosoms</Filter>
    </ClCompile>
    <ClCompile Include="BitMutation.cpp">
      <Filter>mutations</Filter>
    </ClCompile>
    <ClCompile Include="CrossoverStrategy.tpp">
      <Filter>crossover</Filter>
    </ClCompile>
    <ClCompile Include="OnePointCrossover.cpp">
      <Filter>crossover</Filter>
    </ClCompile>
    <ClCompile Include="ParentSelectionStrategy.tpp">
      <Filter>parent_selection</Filter>
    </ClCompile>
    <ClCompile Include="SelectionStrategy.h">
      <Filter>selection</Filter>
    </ClCompile>
    <ClCompile Include="Chromosom.cpp">
      <Filter>chromosoms</Filter>
    </ClCompile>
    <ClCompile Include="SelectionCrossover.tpp">
      <Filter>crossover</Filter>
    </ClCompile>
    <ClCompile Include="EliminationSelection.tpp">
      <Filter>selection</Filter>
    </ClCompile>
    <ClCompile Include="RuletteWheelSelection.tpp">
      <Filter>parent_selection</Filter>
    </ClCompile>
  </ItemGroup>
  <ItemGroup>
    <ClInclude Include="GeneticAlgorithm.h">
      <Filter>headers</Filter>
    </ClInclude>
    <ClInclude Include="util.h">
      <Filter>headers</Filter>
    </ClInclude>
    <ClInclude Include="EvaluationStrategy.h">
      <Filter>headers</Filter>
    </ClInclude>
    <ClInclude Include="BinaryVector.h">
      <Filter>chromosoms</Filter>
    </ClInclude>
    <ClInclude Include="BitMutation.h">
      <Filter>mutations</Filter>
    </ClInclude>
    <ClInclude Include="CrossoverStrategy.h">
      <Filter>crossover</Filter>
    </ClInclude>
    <ClInclude Include="RuletteWheelSelection.h">
      <Filter>parent_selection</Filter>
    </ClInclude>
    <ClInclude Include="OnePointCrossover.h">
      <Filter>crossover</Filter>
    </ClInclude>
    <ClInclude Include="ParentSelectionStrategy.h">
      <Filter>parent_selection</Filter>
    </ClInclude>
    <ClInclude Include="Chromosom.h">
      <Filter>chromosoms</Filter>
    </ClInclude>
    <ClInclude Include="MutateStrategy.h">
      <Filter>mutations</Filter>
    </ClInclude>
    <ClInclude Include="SelectionCrossover.h">
      <Filter>crossover</Filter>
    </ClInclude>
    <ClInclude Include="EliminationSelection.h">
      <Filter>selection</Filter>
    </ClInclude>
  </ItemGroup>
  <ItemGroup>
    <Filter Include="headers">
      <UniqueIdentifier>{c2582ac4-c128-4da1-9071-2eb2b7929b1f}</UniqueIdentifier>
    </Filter>
    <Filter Include="sources">
      <UniqueIdentifier>{8c575854-fe7c-4369-9962-eea6675c5e26}</UniqueIdentifier>
    </Filter>
    <Filter Include="chromosoms">
      <UniqueIdentifier>{8eb05350-6327-4623-aca9-3ecb96e58bab}</UniqueIdentifier>
    </Filter>
    <Filter Include="mutations">
      <UniqueIdentifier>{175c795b-7add-4585-883e-826231193d3d}</UniqueIdentifier>
    </Filter>
    <Filter Include="crossover">
      <UniqueIdentifier>{c1fbfcf7-bdd5-46f3-af91-5945fd14c480}</UniqueIdentifier>
    </Filter>
    <Filter Include="parent_selection">
      <UniqueIdentifier>{88c503aa-136d-4adf-9a55-d004f87ee417}</UniqueIdentifier>
    </Filter>
    <Filter Include="selection">
      <UniqueIdentifier>{aee3fc47-3f8d-4712-ac51-4cfd2f9f0287}</UniqueIdentifier>
    </Filter>
  </ItemGroup>
  <ItemGroup>
    <None Include="GeneticAlgorithm.tpp">
      <Filter>sources</Filter>
    </None>
    <None Include="EvaluationStrategy.tpp">
      <Filter>sources</Filter>
    </None>
    <None Include="SelectionStrategy.tpp">
      <Filter>selection</Filter>
    </None>
    <None Include="MutateStrategy.tpp">
      <Filter>mutations</Filter>
    </None>
  </ItemGroup>
</Project>